
Microsoft Visual Studio Solution File, Format Version 12.00
# Visual Studio Version 17
VisualStudioVersion = 17.13.35825.156 d17.13
MinimumVisualStudioVersion = 10.0.40219.1
Project("{FAE04EC0-301F-11D3-BF4B-00C04F79EFBC}") = "MIDIFormatConverter", "MIDIFormatConverter\MIDIFormatConverter.csproj", "{7CCDC219-9156-40AB-8031-16960758622A}"
EndProject
Global
	GlobalSection(SolutionConfigurationPlatforms) = preSolution
		Debug|Any CPU = Debug|Any CPU
		Debug|ARM64 = Debug|ARM64
		Debug|x64 = Debug|x64
		Release|Any CPU = Release|Any CPU
		Release|ARM64 = Release|ARM64
		Release|x64 = Release|x64
	EndGlobalSection
	GlobalSection(ProjectConfigurationPlatforms) = postSolution
		{7CCDC219-9156-40AB-8031-16960758622A}.Debug|Any CPU.ActiveCfg = Release|Any CPU
		{7CCDC219-9156-40AB-8031-16960758622A}.Debug|Any CPU.Build.0 = Release|Any CPU
		{7CCDC219-9156-40AB-8031-16960758622A}.Debug|ARM64.ActiveCfg = Debug|ARM64
		{7CCDC219-9156-40AB-8031-16960758622A}.Debug|ARM64.Build.0 = Debug|ARM64
		{7CCDC219-9156-40AB-8031-16960758622A}.Debug|x64.ActiveCfg = Debug|x64
		{7CCDC219-9156-40AB-8031-16960758622A}.Debug|x64.Build.0 = Debug|x64
		{7CCDC219-9156-40AB-8031-16960758622A}.Release|Any CPU.ActiveCfg = Release|Any CPU
		{7CCDC219-9156-40AB-8031-16960758622A}.Release|Any CPU.Build.0 = Release|Any CPU
		{7CCDC219-9156-40AB-8031-16960758622A}.Release|ARM64.ActiveCfg = Release|ARM64
		{7CCDC219-9156-40AB-8031-16960758622A}.Release|ARM64.Build.0 = Release|ARM64
		{7CCDC219-9156-40AB-8031-16960758622A}.Release|x64.ActiveCfg = Release|x64
		{7CCDC219-9156-40AB-8031-16960758622A}.Release|x64.Build.0 = Release|x64
	EndGlobalSection
	GlobalSection(SolutionProperties) = preSolution
		HideSolutionNode = FALSE
	EndGlobalSection
	GlobalSection(ExtensibilityGlobals) = postSolution
		SolutionGuid = {CA68ECB5-22DB-4182-A909-8C5B97C9A92B}
	EndGlobalSection
EndGlobal
